// !$*UTF8*$!
{
	archiveVersion = 1;
	classes = {
	};
	objectVersion = 46;
	objects = {

/* Begin PBXBuildFile section */
		6B1B0F3119C18B05009953A5 /* main.cpp in Sources */ = {isa = PBXBuildFile; fileRef = 6B1B0F2D19C18B05009953A5 /* main.cpp */; };
		6B4B1E6219E3CE090095161C /* Geometry.cpp in Sources */ = {isa = PBXBuildFile; fileRef = 6B4B1E6119E3CE090095161C /* Geometry.cpp */; };
		6B5663EE19D56691004611A1 /* SceneObject.cpp in Sources */ = {isa = PBXBuildFile; fileRef = 6B5663EC19D56691004611A1 /* SceneObject.cpp */; };
		6B837DC219E5368600A889A9 /* Light.cpp in Sources */ = {isa = PBXBuildFile; fileRef = 6B837DC119E5368600A889A9 /* Light.cpp */; };
		6B837DC619E54BF300A889A9 /* Scene.cpp in Sources */ = {isa = PBXBuildFile; fileRef = 6B837DC419E54BF300A889A9 /* Scene.cpp */; };
		6B987B7E19EE409A00790C5F /* DimensionalTree.cpp in Sources */ = {isa = PBXBuildFile; fileRef = 6B987B7C19EE409A00790C5F /* DimensionalTree.cpp */; };
		6BB0CEB019BEADAA00D5F648 /* InfoPlist.strings in Resources */ = {isa = PBXBuildFile; fileRef = 6BB0CEAE19BEADAA00D5F648 /* InfoPlist.strings */; };
		6BB0CEDA19BEAE8500D5F648 /* SDL2.framework in Frameworks */ = {isa = PBXBuildFile; fileRef = 6BB0CED919BEAE8500D5F648 /* SDL2.framework */; };
		6BC2324F19BED2DD00D2988A /* OpenGL.framework in Frameworks */ = {isa = PBXBuildFile; fileRef = 6BC2324E19BED2DD00D2988A /* OpenGL.framework */; };
		6BEAAA2119E7DC12001AB55A /* Random.cpp in Sources */ = {isa = PBXBuildFile; fileRef = 6BEAAA1F19E7DC12001AB55A /* Random.cpp */; };
		6BFE5AF819FA43F400A3CCC4 /* Visualizer.cpp in Sources */ = {isa = PBXBuildFile; fileRef = 6BFE5AF619FA43F400A3CCC4 /* Visualizer.cpp */; };
		6BFE5AFB19FA472300A3CCC4 /* Canvas.cpp in Sources */ = {isa = PBXBuildFile; fileRef = 6BFE5AF919FA472300A3CCC4 /* Canvas.cpp */; };
/* End PBXBuildFile section */

/* Begin PBXFileReference section */
		6B1B0F2D19C18B05009953A5 /* main.cpp */ = {isa = PBXFileReference; fileEncoding = 4; lastKnownFileType = sourcecode.cpp.cpp; name = main.cpp; path = src/main.cpp; sourceTree = "<group>"; };
		6B2A7CD119F777F50013F251 /* Material.h */ = {isa = PBXFileReference; lastKnownFileType = sourcecode.c.h; name = Material.h; path = src/Material.h; sourceTree = "<group>"; };
		6B4B1E6119E3CE090095161C /* Geometry.cpp */ = {isa = PBXFileReference; fileEncoding = 4; lastKnownFileType = sourcecode.cpp.cpp; name = Geometry.cpp; path = src/Geometry.cpp; sourceTree = "<group>"; };
		6B5663EC19D56691004611A1 /* SceneObject.cpp */ = {isa = PBXFileReference; fileEncoding = 4; lastKnownFileType = sourcecode.cpp.cpp; name = SceneObject.cpp; path = src/SceneObject.cpp; sourceTree = "<group>"; };
		6B5663ED19D56691004611A1 /* SceneObject.h */ = {isa = PBXFileReference; fileEncoding = 4; lastKnownFileType = sourcecode.c.h; name = SceneObject.h; path = src/SceneObject.h; sourceTree = "<group>"; };
		6B5663EF19D56F4A004611A1 /* Geometry.h */ = {isa = PBXFileReference; lastKnownFileType = sourcecode.c.h; name = Geometry.h; path = src/Geometry.h; sourceTree = "<group>"; };
		6B837DC019E533DD00A889A9 /* Photon.h */ = {isa = PBXFileReference; lastKnownFileType = sourcecode.c.h; name = Photon.h; path = src/Photon.h; sourceTree = "<group>"; };
		6B837DC119E5368600A889A9 /* Light.cpp */ = {isa = PBXFileReference; fileEncoding = 4; lastKnownFileType = sourcecode.cpp.cpp; name = Light.cpp; path = src/Light.cpp; sourceTree = "<group>"; };
		6B837DC319E5368B00A889A9 /* Light.h */ = {isa = PBXFileReference; lastKnownFileType = sourcecode.c.h; name = Light.h; path = src/Light.h; sourceTree = "<group>"; };
		6B837DC419E54BF300A889A9 /* Scene.cpp */ = {isa = PBXFileReference; fileEncoding = 4; lastKnownFileType = sourcecode.cpp.cpp; name = Scene.cpp; path = src/Scene.cpp; sourceTree = "<group>"; };
		6B837DC519E54BF300A889A9 /* Scene.h */ = {isa = PBXFileReference; fileEncoding = 4; lastKnownFileType = sourcecode.c.h; name = Scene.h; path = src/Scene.h; sourceTree = "<group>"; };
		6B987B7C19EE409A00790C5F /* DimensionalTree.cpp */ = {isa = PBXFileReference; fileEncoding = 4; lastKnownFileType = sourcecode.cpp.cpp; name = DimensionalTree.cpp; path = src/DimensionalTree.cpp; sourceTree = "<group>"; };
		6B987B7D19EE409A00790C5F /* DimensionalTree.h */ = {isa = PBXFileReference; fileEncoding = 4; lastKnownFileType = sourcecode.c.h; name = DimensionalTree.h; path = src/DimensionalTree.h; sourceTree = "<group>"; };
		6BB0CEA219BEADAA00D5F648 /* photon.app */ = {isa = PBXFileReference; explicitFileType = wrapper.application; includeInIndex = 0; path = photon.app; sourceTree = BUILT_PRODUCTS_DIR; };
		6BB0CEAD19BEADAA00D5F648 /* photon-Info.plist */ = {isa = PBXFileReference; lastKnownFileType = text.plist.xml; path = "photon-Info.plist"; sourceTree = "<group>"; };
		6BB0CEAF19BEADAA00D5F648 /* en */ = {isa = PBXFileReference; lastKnownFileType = text.plist.strings; name = en; path = en.lproj/InfoPlist.strings; sourceTree = "<group>"; };
		6BB0CECB19BEADAA00D5F648 /* photonTests-Info.plist */ = {isa = PBXFileReference; lastKnownFileType = text.plist.xml; path = "photonTests-Info.plist"; sourceTree = "<group>"; };
		6BB0CECD19BEADAA00D5F648 /* en */ = {isa = PBXFileReference; lastKnownFileType = text.plist.strings; name = en; path = en.lproj/InfoPlist.strings; sourceTree = "<group>"; };
		6BB0CECF19BEADAA00D5F648 /* photonTests.m */ = {isa = PBXFileReference; lastKnownFileType = sourcecode.c.objc; path = photonTests.m; sourceTree = "<group>"; };
		6BB0CED919BEAE8500D5F648 /* SDL2.framework */ = {isa = PBXFileReference; lastKnownFileType = wrapper.framework; name = SDL2.framework; path = ../../../../Library/Frameworks/SDL2.framework; sourceTree = "<group>"; };
		6BC2324E19BED2DD00D2988A /* OpenGL.framework */ = {isa = PBXFileReference; lastKnownFileType = wrapper.framework; name = OpenGL.framework; path = System/Library/Frameworks/OpenGL.framework; sourceTree = SDKROOT; };
		6BEAAA1F19E7DC12001AB55A /* Random.cpp */ = {isa = PBXFileReference; fileEncoding = 4; lastKnownFileType = sourcecode.cpp.cpp; name = Random.cpp; path = src/Random.cpp; sourceTree = "<group>"; };
		6BEAAA2019E7DC12001AB55A /* Random.h */ = {isa = PBXFileReference; fileEncoding = 4; lastKnownFileType = sourcecode.c.h; name = Random.h; path = src/Random.h; sourceTree = "<group>"; };
		6BFE5AF619FA43F400A3CCC4 /* Visualizer.cpp */ = {isa = PBXFileReference; fileEncoding = 4; lastKnownFileType = sourcecode.cpp.cpp; name = Visualizer.cpp; path = src/Visualizer.cpp; sourceTree = "<group>"; };
		6BFE5AF719FA43F400A3CCC4 /* Visualizer.h */ = {isa = PBXFileReference; fileEncoding = 4; lastKnownFileType = sourcecode.c.h; name = Visualizer.h; path = src/Visualizer.h; sourceTree = "<group>"; };
		6BFE5AF919FA472300A3CCC4 /* Canvas.cpp */ = {isa = PBXFileReference; fileEncoding = 4; lastKnownFileType = sourcecode.cpp.cpp; name = Canvas.cpp; path = src/Canvas.cpp; sourceTree = "<group>"; };
		6BFE5AFA19FA472300A3CCC4 /* Canvas.h */ = {isa = PBXFileReference; fileEncoding = 4; lastKnownFileType = sourcecode.c.h; name = Canvas.h; path = src/Canvas.h; sourceTree = "<group>"; };
/* End PBXFileReference section */

/* Begin PBXFrameworksBuildPhase section */
		6BB0CE9F19BEADAA00D5F648 /* Frameworks */ = {
			isa = PBXFrameworksBuildPhase;
			buildActionMask = 2147483647;
			files = (
				6BC2324F19BED2DD00D2988A /* OpenGL.framework in Frameworks */,
				6BB0CEDA19BEAE8500D5F648 /* SDL2.framework in Frameworks */,
			);
			runOnlyForDeploymentPostprocessing = 0;
		};
/* End PBXFrameworksBuildPhase section */

/* Begin PBXGroup section */
		6BB0CE9919BEADAA00D5F648 = {
			isa = PBXGroup;
			children = (
				6BB0CEAB19BEADAA00D5F648 /* photon */,
				6BB0CEC919BEADAA00D5F648 /* photonTests */,
				6BB0CEA419BEADAA00D5F648 /* Frameworks */,
				6BB0CEA319BEADAA00D5F648 /* Products */,
			);
			sourceTree = "<group>";
		};
		6BB0CEA319BEADAA00D5F648 /* Products */ = {
			isa = PBXGroup;
			children = (
				6BB0CEA219BEADAA00D5F648 /* photon.app */,
			);
			name = Products;
			sourceTree = "<group>";
		};
		6BB0CEA419BEADAA00D5F648 /* Frameworks */ = {
			isa = PBXGroup;
			children = (
				6BC2324E19BED2DD00D2988A /* OpenGL.framework */,
				6BB0CED919BEAE8500D5F648 /* SDL2.framework */,
			);
			name = Frameworks;
			sourceTree = "<group>";
		};
		6BB0CEAB19BEADAA00D5F648 /* photon */ = {
			isa = PBXGroup;
			children = (
				6BFE5AF919FA472300A3CCC4 /* Canvas.cpp */,
				6BFE5AFA19FA472300A3CCC4 /* Canvas.h */,
				6BFE5AF619FA43F400A3CCC4 /* Visualizer.cpp */,
				6BFE5AF719FA43F400A3CCC4 /* Visualizer.h */,
				6B987B7C19EE409A00790C5F /* DimensionalTree.cpp */,
				6B987B7D19EE409A00790C5F /* DimensionalTree.h */,
				6B5663EF19D56F4A004611A1 /* Geometry.h */,
				6B4B1E6119E3CE090095161C /* Geometry.cpp */,
				6B1B0F2D19C18B05009953A5 /* main.cpp */,
				6B5663ED19D56691004611A1 /* SceneObject.h */,
				6B5663EC19D56691004611A1 /* SceneObject.cpp */,
				6B837DC319E5368B00A889A9 /* Light.h */,
				6B837DC119E5368600A889A9 /* Light.cpp */,
				6B837DC419E54BF300A889A9 /* Scene.cpp */,
				6B837DC519E54BF300A889A9 /* Scene.h */,
				6BEAAA1F19E7DC12001AB55A /* Random.cpp */,
				6BEAAA2019E7DC12001AB55A /* Random.h */,
				6B837DC019E533DD00A889A9 /* Photon.h */,
				6B2A7CD119F777F50013F251 /* Material.h */,
				6BB0CEAC19BEADAA00D5F648 /* Supporting Files */,
			);
			path = photon;
			sourceTree = "<group>";
		};
		6BB0CEAC19BEADAA00D5F648 /* Supporting Files */ = {
			isa = PBXGroup;
			children = (
				6BB0CEAD19BEADAA00D5F648 /* photon-Info.plist */,
				6BB0CEAE19BEADAA00D5F648 /* InfoPlist.strings */,
			);
			name = "Supporting Files";
			sourceTree = "<group>";
		};
		6BB0CEC919BEADAA00D5F648 /* photonTests */ = {
			isa = PBXGroup;
			children = (
				6BB0CECF19BEADAA00D5F648 /* photonTests.m */,
				6BB0CECA19BEADAA00D5F648 /* Supporting Files */,
			);
			path = photonTests;
			sourceTree = "<group>";
		};
		6BB0CECA19BEADAA00D5F648 /* Supporting Files */ = {
			isa = PBXGroup;
			children = (
				6BB0CECB19BEADAA00D5F648 /* photonTests-Info.plist */,
				6BB0CECC19BEADAA00D5F648 /* InfoPlist.strings */,
			);
			name = "Supporting Files";
			sourceTree = "<group>";
		};
/* End PBXGroup section */

/* Begin PBXNativeTarget section */
		6BB0CEA119BEADAA00D5F648 /* photon */ = {
			isa = PBXNativeTarget;
			buildConfigurationList = 6BB0CED319BEADAA00D5F648 /* Build configuration list for PBXNativeTarget "photon" */;
			buildPhases = (
				6BB0CE9E19BEADAA00D5F648 /* Sources */,
				6BB0CE9F19BEADAA00D5F648 /* Frameworks */,
				6BB0CEA019BEADAA00D5F648 /* Resources */,
			);
			buildRules = (
			);
			dependencies = (
			);
			name = photon;
			productName = photon;
			productReference = 6BB0CEA219BEADAA00D5F648 /* photon.app */;
			productType = "com.apple.product-type.application";
		};
/* End PBXNativeTarget section */

/* Begin PBXProject section */
		6BB0CE9A19BEADAA00D5F648 /* Project object */ = {
			isa = PBXProject;
			attributes = {
				LastUpgradeCheck = 0510;
				ORGANIZATIONNAME = "FLAMA Inc.";
			};
			buildConfigurationList = 6BB0CE9D19BEADAA00D5F648 /* Build configuration list for PBXProject "photon" */;
			compatibilityVersion = "Xcode 3.2";
			developmentRegion = English;
			hasScannedForEncodings = 0;
			knownRegions = (
				en,
				Base,
			);
			mainGroup = 6BB0CE9919BEADAA00D5F648;
			productRefGroup = 6BB0CEA319BEADAA00D5F648 /* Products */;
			projectDirPath = "";
			projectRoot = "";
			targets = (
				6BB0CEA119BEADAA00D5F648 /* photon */,
			);
		};
/* End PBXProject section */

/* Begin PBXResourcesBuildPhase section */
		6BB0CEA019BEADAA00D5F648 /* Resources */ = {
			isa = PBXResourcesBuildPhase;
			buildActionMask = 2147483647;
			files = (
				6BB0CEB019BEADAA00D5F648 /* InfoPlist.strings in Resources */,
			);
			runOnlyForDeploymentPostprocessing = 0;
		};
/* End PBXResourcesBuildPhase section */

/* Begin PBXSourcesBuildPhase section */
		6BB0CE9E19BEADAA00D5F648 /* Sources */ = {
			isa = PBXSourcesBuildPhase;
			buildActionMask = 2147483647;
			files = (
				6B987B7E19EE409A00790C5F /* DimensionalTree.cpp in Sources */,
				6BEAAA2119E7DC12001AB55A /* Random.cpp in Sources */,
				6BFE5AFB19FA472300A3CCC4 /* Canvas.cpp in Sources */,
				6B837DC219E5368600A889A9 /* Light.cpp in Sources */,
				6B1B0F3119C18B05009953A5 /* main.cpp in Sources */,
				6B4B1E6219E3CE090095161C /* Geometry.cpp in Sources */,
				6BFE5AF819FA43F400A3CCC4 /* Visualizer.cpp in Sources */,
				6B837DC619E54BF300A889A9 /* Scene.cpp in Sources */,
				6B5663EE19D56691004611A1 /* SceneObject.cpp in Sources */,
			);
			runOnlyForDeploymentPostprocessing = 0;
		};
/* End PBXSourcesBuildPhase section */

/* Begin PBXVariantGroup section */
		6BB0CEAE19BEADAA00D5F648 /* InfoPlist.strings */ = {
			isa = PBXVariantGroup;
			children = (
				6BB0CEAF19BEADAA00D5F648 /* en */,
			);
			name = InfoPlist.strings;
			sourceTree = "<group>";
		};
		6BB0CECC19BEADAA00D5F648 /* InfoPlist.strings */ = {
			isa = PBXVariantGroup;
			children = (
				6BB0CECD19BEADAA00D5F648 /* en */,
			);
			name = InfoPlist.strings;
			sourceTree = "<group>";
		};
/* End PBXVariantGroup section */

/* Begin XCBuildConfiguration section */
		6BB0CED119BEADAA00D5F648 /* Debug */ = {
			isa = XCBuildConfiguration;
			buildSettings = {
				ALWAYS_SEARCH_USER_PATHS = NO;
				CLANG_CXX_LANGUAGE_STANDARD = "gnu++0x";
				CLANG_CXX_LIBRARY = "libc++";
				CLANG_ENABLE_MODULES = YES;
				CLANG_ENABLE_OBJC_ARC = YES;
				CLANG_WARN_BOOL_CONVERSION = YES;
				CLANG_WARN_CONSTANT_CONVERSION = YES;
				CLANG_WARN_DIRECT_OBJC_ISA_USAGE = YES_ERROR;
				CLANG_WARN_EMPTY_BODY = YES;
				CLANG_WARN_ENUM_CONVERSION = YES;
				CLANG_WARN_INT_CONVERSION = YES;
				CLANG_WARN_OBJC_ROOT_CLASS = YES_ERROR;
				CLANG_WARN__DUPLICATE_METHOD_MATCH = YES;
				COPY_PHASE_STRIP = NO;
				GCC_C_LANGUAGE_STANDARD = gnu99;
				GCC_DYNAMIC_NO_PIC = NO;
				GCC_ENABLE_OBJC_EXCEPTIONS = YES;
				GCC_OPTIMIZATION_LEVEL = 0;
				GCC_PREPROCESSOR_DEFINITIONS = (
					"DEBUG=1",
					"$(inherited)",
				);
				GCC_SYMBOLS_PRIVATE_EXTERN = NO;
				GCC_WARN_64_TO_32_BIT_CONVERSION = YES;
				GCC_WARN_ABOUT_RETURN_TYPE = YES_ERROR;
				GCC_WARN_UNDECLARED_SELECTOR = YES;
				GCC_WARN_UNINITIALIZED_AUTOS = YES_AGGRESSIVE;
				GCC_WARN_UNUSED_FUNCTION = YES;
				GCC_WARN_UNUSED_VARIABLE = YES;
				HEADER_SEARCH_PATHS = (
					"$(inherited)",
					/Applications/Xcode.app/Contents/Developer/Toolchains/XcodeDefault.xctoolchain/usr/include,
					/usr/local/Cellar/eigen/3.2.1/include/eigen3,
				);
				MACOSX_DEPLOYMENT_TARGET = 10.8;
				ONLY_ACTIVE_ARCH = YES;
				SDKROOT = macosx;
			};
			name = Debug;
		};
		6BB0CED219BEADAA00D5F648 /* Release */ = {
			isa = XCBuildConfiguration;
			buildSettings = {
				ALWAYS_SEARCH_USER_PATHS = NO;
				CLANG_CXX_LANGUAGE_STANDARD = "gnu++0x";
				CLANG_CXX_LIBRARY = "libc++";
				CLANG_ENABLE_MODULES = YES;
				CLANG_ENABLE_OBJC_ARC = YES;
				CLANG_WARN_BOOL_CONVERSION = YES;
				CLANG_WARN_CONSTANT_CONVERSION = YES;
				CLANG_WARN_DIRECT_OBJC_ISA_USAGE = YES_ERROR;
				CLANG_WARN_EMPTY_BODY = YES;
				CLANG_WARN_ENUM_CONVERSION = YES;
				CLANG_WARN_INT_CONVERSION = YES;
				CLANG_WARN_OBJC_ROOT_CLASS = YES_ERROR;
				CLANG_WARN__DUPLICATE_METHOD_MATCH = YES;
				COPY_PHASE_STRIP = YES;
				DEBUG_INFORMATION_FORMAT = "dwarf-with-dsym";
				ENABLE_NS_ASSERTIONS = NO;
				GCC_C_LANGUAGE_STANDARD = gnu99;
				GCC_ENABLE_OBJC_EXCEPTIONS = YES;
				GCC_WARN_64_TO_32_BIT_CONVERSION = YES;
				GCC_WARN_ABOUT_RETURN_TYPE = YES_ERROR;
				GCC_WARN_UNDECLARED_SELECTOR = YES;
				GCC_WARN_UNINITIALIZED_AUTOS = YES_AGGRESSIVE;
				GCC_WARN_UNUSED_FUNCTION = YES;
				GCC_WARN_UNUSED_VARIABLE = YES;
				HEADER_SEARCH_PATHS = (
					"$(inherited)",
					/Applications/Xcode.app/Contents/Developer/Toolchains/XcodeDefault.xctoolchain/usr/include,
					/usr/local/Cellar/eigen/3.2.1/include/eigen3,
				);
				MACOSX_DEPLOYMENT_TARGET = 10.8;
				SDKROOT = macosx;
			};
			name = Release;
		};
		6BB0CED419BEADAA00D5F648 /* Debug */ = {
			isa = XCBuildConfiguration;
			buildSettings = {
				ASSETCATALOG_COMPILER_APPICON_NAME = AppIcon;
				COMBINE_HIDPI_IMAGES = YES;
				FRAMEWORK_SEARCH_PATHS = (
					"$(inherited)",
					"$(LOCAL_LIBRARY_DIR)/Frameworks",
				);
				GCC_PRECOMPILE_PREFIX_HEADER = NO;
				GCC_PREFIX_HEADER = "";
				INFOPLIST_FILE = "photon/photon-Info.plist";
				MACOSX_DEPLOYMENT_TARGET = 10.8;
				PRODUCT_NAME = "$(TARGET_NAME)";
				WRAPPER_EXTENSION = app;
			};
			name = Debug;
		};
		6BB0CED519BEADAA00D5F648 /* Release */ = {
			isa = XCBuildConfiguration;
			buildSettings = {
				ASSETCATALOG_COMPILER_APPICON_NAME = AppIcon;
				COMBINE_HIDPI_IMAGES = YES;
				FRAMEWORK_SEARCH_PATHS = (
					"$(inherited)",
					"$(LOCAL_LIBRARY_DIR)/Frameworks",
				);
				GCC_PRECOMPILE_PREFIX_HEADER = NO;
				GCC_PREFIX_HEADER = "";
				INFOPLIST_FILE = "photon/photon-Info.plist";
				MACOSX_DEPLOYMENT_TARGET = 10.8;
				PRODUCT_NAME = "$(TARGET_NAME)";
				WRAPPER_EXTENSION = app;
			};
			name = Release;
		};
/* End XCBuildConfiguration section */

/* Begin XCConfigurationList section */
		6BB0CE9D19BEADAA00D5F648 /* Build configuration list for PBXProject "photon" */ = {
			isa = XCConfigurationList;
			buildConfigurations = (
				6BB0CED119BEADAA00D5F648 /* Debug */,
				6BB0CED219BEADAA00D5F648 /* Release */,
			);
			defaultConfigurationIsVisible = 0;
			defaultConfigurationName = Release;
		};
		6BB0CED319BEADAA00D5F648 /* Build configuration list for PBXNativeTarget "photon" */ = {
			isa = XCConfigurationList;
			buildConfigurations = (
				6BB0CED419BEADAA00D5F648 /* Debug */,
				6BB0CED519BEADAA00D5F648 /* Release */,
			);
			defaultConfigurationIsVisible = 0;
			defaultConfigurationName = Release;
		};
/* End XCConfigurationList section */
	};
	rootObject = 6BB0CE9A19BEADAA00D5F648 /* Project object */;
}
